// !$*UTF8*$!
{
	archiveVersion = 1;
	classes = {
	};
	objectVersion = 46;
	objects = {

/* Begin PBXBuildFile section */
		4AFCB9221AD9F643008F332F /* AppDelegate.swift in Sources */ = {isa = PBXBuildFile; fileRef = 4AFCB9211AD9F643008F332F /* AppDelegate.swift */; };
		4AFCB9241AD9F643008F332F /* ViewController.swift in Sources */ = {isa = PBXBuildFile; fileRef = 4AFCB9231AD9F643008F332F /* ViewController.swift */; };
		4AFCB9271AD9F643008F332F /* Main.storyboard in Resources */ = {isa = PBXBuildFile; fileRef = 4AFCB9251AD9F643008F332F /* Main.storyboard */; };
		4AFCB9291AD9F643008F332F /* Images.xcassets in Resources */ = {isa = PBXBuildFile; fileRef = 4AFCB9281AD9F643008F332F /* Images.xcassets */; };
		4AFCB92C1AD9F643008F332F /* LaunchScreen.xib in Resources */ = {isa = PBXBuildFile; fileRef = 4AFCB92A1AD9F643008F332F /* LaunchScreen.xib */; };
		4AFCB9381AD9F643008F332F /* Where_Am_ITests.swift in Sources */ = {isa = PBXBuildFile; fileRef = 4AFCB9371AD9F643008F332F /* Where_Am_ITests.swift */; };
		4AFCB9421ADA54E5008F332F /* CoreLocation.framework in Frameworks */ = {isa = PBXBuildFile; fileRef = 4AFCB9411ADA54E5008F332F /* CoreLocation.framework */; };
/* End PBXBuildFile section */

/* Begin PBXContainerItemProxy section */
		4AFCB9321AD9F643008F332F /* PBXContainerItemProxy */ = {
			isa = PBXContainerItemProxy;
			containerPortal = 4AFCB9141AD9F643008F332F /* Project object */;
			proxyType = 1;
			remoteGlobalIDString = 4AFCB91B1AD9F643008F332F;
			remoteInfo = "Where Am I";
		};
/* End PBXContainerItemProxy section */

/* Begin PBXFileReference section */
		4AFCB91C1AD9F643008F332F /* Where Am I.app */ = {isa = PBXFileReference; explicitFileType = wrapper.application; includeInIndex = 0; path = "Where Am I.app"; sourceTree = BUILT_PRODUCTS_DIR; };
		4AFCB9201AD9F643008F332F /* Info.plist */ = {isa = PBXFileReference; lastKnownFileType = text.plist.xml; path = Info.plist; sourceTree = "<group>"; };
		4AFCB9211AD9F643008F332F /* AppDelegate.swift */ = {isa = PBXFileReference; lastKnownFileType = sourcecode.swift; path = AppDelegate.swift; sourceTree = "<group>"; };
		4AFCB9231AD9F643008F332F /* ViewController.swift */ = {isa = PBXFileReference; lastKnownFileType = sourcecode.swift; path = ViewController.swift; sourceTree = "<group>"; };
		4AFCB9261AD9F643008F332F /* Base */ = {isa = PBXFileReference; lastKnownFileType = file.storyboard; name = Base; path = Base.lproj/Main.storyboard; sourceTree = "<group>"; };
		4AFCB9281AD9F643008F332F /* Images.xcassets */ = {isa = PBXFileReference; lastKnownFileType = folder.assetcatalog; path = Images.xcassets; sourceTree = "<group>"; };
		4AFCB92B1AD9F643008F332F /* Base */ = {isa = PBXFileReference; lastKnownFileType = file.xib; name = Base; path = Base.lproj/LaunchScreen.xib; sourceTree = "<group>"; };
		4AFCB9311AD9F643008F332F /* Where Am ITests.xctest */ = {isa = PBXFileReference; explicitFileType = wrapper.cfbundle; includeInIndex = 0; path = "Where Am ITests.xctest"; sourceTree = BUILT_PRODUCTS_DIR; };
		4AFCB9361AD9F643008F332F /* Info.plist */ = {isa = PBXFileReference; lastKnownFileType = text.plist.xml; path = Info.plist; sourceTree = "<group>"; };
		4AFCB9371AD9F643008F332F /* Where_Am_ITests.swift */ = {isa = PBXFileReference; lastKnownFileType = sourcecode.swift; path = Where_Am_ITests.swift; sourceTree = "<group>"; };
		4AFCB9411ADA54E5008F332F /* CoreLocation.framework */ = {isa = PBXFileReference; lastKnownFileType = wrapper.framework; name = CoreLocation.framework; path = System/Library/Frameworks/CoreLocation.framework; sourceTree = SDKROOT; };
/* End PBXFileReference section */

/* Begin PBXFrameworksBuildPhase section */
		4AFCB9191AD9F643008F332F /* Frameworks */ = {
			isa = PBXFrameworksBuildPhase;
			buildActionMask = 2147483647;
			files = (
				4AFCB9421ADA54E5008F332F /* CoreLocation.framework in Frameworks */,
			);
			runOnlyForDeploymentPostprocessing = 0;
		};
		4AFCB92E1AD9F643008F332F /* Frameworks */ = {
			isa = PBXFrameworksBuildPhase;
			buildActionMask = 2147483647;
			files = (
			);
			runOnlyForDeploymentPostprocessing = 0;
		};
/* End PBXFrameworksBuildPhase section */

/* Begin PBXGroup section */
		4AFCB9131AD9F643008F332F = {
			isa = PBXGroup;
			children = (
				4AFCB9411ADA54E5008F332F /* CoreLocation.framework */,
				4AFCB91E1AD9F643008F332F /* Where Am I */,
				4AFCB9341AD9F643008F332F /* Where Am ITests */,
				4AFCB91D1AD9F643008F332F /* Products */,
			);
			sourceTree = "<group>";
		};
		4AFCB91D1AD9F643008F332F /* Products */ = {
			isa = PBXGroup;
			children = (
				4AFCB91C1AD9F643008F332F /* Where Am I.app */,
				4AFCB9311AD9F643008F332F /* Where Am ITests.xctest */,
			);
			name = Products;
			sourceTree = "<group>";
		};
		4AFCB91E1AD9F643008F332F /* Where Am I */ = {
			isa = PBXGroup;
			children = (
				4AFCB9211AD9F643008F332F /* AppDelegate.swift */,
				4AFCB9231AD9F643008F332F /* ViewController.swift */,
				4AFCB9251AD9F643008F332F /* Main.storyboard */,
				4AFCB9281AD9F643008F332F /* Images.xcassets */,
				4AFCB92A1AD9F643008F332F /* LaunchScreen.xib */,
				4AFCB91F1AD9F643008F332F /* Supporting Files */,
			);
			path = "Where Am I";
			sourceTree = "<group>";
		};
		4AFCB91F1AD9F643008F332F /* Supporting Files */ = {
			isa = PBXGroup;
			children = (
				4AFCB9201AD9F643008F332F /* Info.plist */,
			);
			name = "Supporting Files";
			sourceTree = "<group>";
		};
		4AFCB9341AD9F643008F332F /* Where Am ITests */ = {
			isa = PBXGroup;
			children = (
				4AFCB9371AD9F643008F332F /* Where_Am_ITests.swift */,
				4AFCB9351AD9F643008F332F /* Supporting Files */,
			);
			path = "Where Am ITests";
			sourceTree = "<group>";
		};
		4AFCB9351AD9F643008F332F /* Supporting Files */ = {
			isa = PBXGroup;
			children = (
				4AFCB9361AD9F643008F332F /* Info.plist */,
			);
			name = "Supporting Files";
			sourceTree = "<group>";
		};
/* End PBXGroup section */

/* Begin PBXNativeTarget section */
		4AFCB91B1AD9F643008F332F /* Where Am I */ = {
			isa = PBXNativeTarget;
			buildConfigurationList = 4AFCB93B1AD9F643008F332F /* Build configuration list for PBXNativeTarget "Where Am I" */;
			buildPhases = (
				4AFCB9181AD9F643008F332F /* Sources */,
				4AFCB9191AD9F643008F332F /* Frameworks */,
				4AFCB91A1AD9F643008F332F /* Resources */,
			);
			buildRules = (
			);
			dependencies = (
			);
			name = "Where Am I";
			productName = "Where Am I";
			productReference = 4AFCB91C1AD9F643008F332F /* Where Am I.app */;
			productType = "com.apple.product-type.application";
		};
		4AFCB9301AD9F643008F332F /* Where Am ITests */ = {
			isa = PBXNativeTarget;
			buildConfigurationList = 4AFCB93E1AD9F643008F332F /* Build configuration list for PBXNativeTarget "Where Am ITests" */;
			buildPhases = (
				4AFCB92D1AD9F643008F332F /* Sources */,
				4AFCB92E1AD9F643008F332F /* Frameworks */,
				4AFCB92F1AD9F643008F332F /* Resources */,
			);
			buildRules = (
			);
			dependencies = (
				4AFCB9331AD9F643008F332F /* PBXTargetDependency */,
			);
			name = "Where Am ITests";
			productName = "Where Am ITests";
			productReference = 4AFCB9311AD9F643008F332F /* Where Am ITests.xctest */;
			productType = "com.apple.product-type.bundle.unit-test";
		};
/* End PBXNativeTarget section */

/* Begin PBXProject section */
		4AFCB9141AD9F643008F332F /* Project object */ = {
			isa = PBXProject;
			attributes = {
				LastUpgradeCheck = 0630;
				ORGANIZATIONNAME = "K C";
				TargetAttributes = {
					4AFCB91B1AD9F643008F332F = {
						CreatedOnToolsVersion = 6.3;
					};
					4AFCB9301AD9F643008F332F = {
						CreatedOnToolsVersion = 6.3;
						TestTargetID = 4AFCB91B1AD9F643008F332F;
					};
				};
			};
			buildConfigurationList = 4AFCB9171AD9F643008F332F /* Build configuration list for PBXProject "Where Am I" */;
			compatibilityVersion = "Xcode 3.2";
			developmentRegion = English;
			hasScannedForEncodings = 0;
			knownRegions = (
				en,
				Base,
			);
			mainGroup = 4AFCB9131AD9F643008F332F;
			productRefGroup = 4AFCB91D1AD9F643008F332F /* Products */;
			projectDirPath = "";
			projectRoot = "";
			targets = (
				4AFCB91B1AD9F643008F332F /* Where Am I */,
				4AFCB9301AD9F643008F332F /* Where Am ITests */,
			);
		};
/* End PBXProject section */

/* Begin PBXResourcesBuildPhase section */
		4AFCB91A1AD9F643008F332F /* Resources */ = {
			isa = PBXResourcesBuildPhase;
			buildActionMask = 2147483647;
			files = (
				4AFCB9271AD9F643008F332F /* Main.storyboard in Resources */,
				4AFCB92C1AD9F643008F332F /* LaunchScreen.xib in Resources */,
				4AFCB9291AD9F643008F332F /* Images.xcassets in Resources */,
			);
			runOnlyForDeploymentPostprocessing = 0;
		};
		4AFCB92F1AD9F643008F332F /* Resources */ = {
			isa = PBXResourcesBuildPhase;
			buildActionMask = 2147483647;
			files = (
			);
			runOnlyForDeploymentPostprocessing = 0;
		};
/* End PBXResourcesBuildPhase section */

/* Begin PBXSourcesBuildPhase section */
		4AFCB9181AD9F643008F332F /* Sources */ = {
			isa = PBXSourcesBuildPhase;
			buildActionMask = 2147483647;
			files = (
				4AFCB9241AD9F643008F332F /* ViewController.swift in Sources */,
				4AFCB9221AD9F643008F332F /* AppDelegate.swift in Sources */,
			);
			runOnlyForDeploymentPostprocessing = 0;
		};
		4AFCB92D1AD9F643008F332F /* Sources */ = {
			isa = PBXSourcesBuildPhase;
			buildActionMask = 2147483647;
			files = (
				4AFCB9381AD9F643008F332F /* Where_Am_ITests.swift in Sources */,
			);
			runOnlyForDeploymentPostprocessing = 0;
		};
/* End PBXSourcesBuildPhase section */

/* Begin PBXTargetDependency section */
		4AFCB9331AD9F643008F332F /* PBXTargetDependency */ = {
			isa = PBXTargetDependency;
			target = 4AFCB91B1AD9F643008F332F /* Where Am I */;
			targetProxy = 4AFCB9321AD9F643008F332F /* PBXContainerItemProxy */;
		};
/* End PBXTargetDependency section */

/* Begin PBXVariantGroup section */
		4AFCB9251AD9F643008F332F /* Main.storyboard */ = {
			isa = PBXVariantGroup;
			children = (
				4AFCB9261AD9F643008F332F /* Base */,
			);
			name = Main.storyboard;
			sourceTree = "<group>";
		};
		4AFCB92A1AD9F643008F332F /* LaunchScreen.xib */ = {
			isa = PBXVariantGroup;
			children = (
				4AFCB92B1AD9F643008F332F /* Base */,
			);
			name = LaunchScreen.xib;
			sourceTree = "<group>";
		};
/* End PBXVariantGroup section */

/* Begin XCBuildConfiguration section */
		4AFCB9391AD9F643008F332F /* Debug */ = {
			isa = XCBuildConfiguration;
			buildSettings = {
				ALWAYS_SEARCH_USER_PATHS = NO;
				CLANG_CXX_LANGUAGE_STANDARD = "gnu++0x";
				CLANG_CXX_LIBRARY = "libc++";
				CLANG_ENABLE_MODULES = YES;
				CLANG_ENABLE_OBJC_ARC = YES;
				CLANG_WARN_BOOL_CONVERSION = YES;
				CLANG_WARN_CONSTANT_CONVERSION = YES;
				CLANG_WARN_DIRECT_OBJC_ISA_USAGE = YES_ERROR;
				CLANG_WARN_EMPTY_BODY = YES;
				CLANG_WARN_ENUM_CONVERSION = YES;
				CLANG_WARN_INT_CONVERSION = YES;
				CLANG_WARN_OBJC_ROOT_CLASS = YES_ERROR;
				CLANG_WARN_UNREACHABLE_CODE = YES;
				CLANG_WARN__DUPLICATE_METHOD_MATCH = YES;
				"CODE_SIGN_IDENTITY[sdk=iphoneos*]" = "iPhone Developer";
				COPY_PHASE_STRIP = NO;
				DEBUG_INFORMATION_FORMAT = "dwarf-with-dsym";
				ENABLE_STRICT_OBJC_MSGSEND = YES;
				GCC_C_LANGUAGE_STANDARD = gnu99;
				GCC_DYNAMIC_NO_PIC = NO;
				GCC_NO_COMMON_BLOCKS = YES;
				GCC_OPTIMIZATION_LEVEL = 0;
				GCC_PREPROCESSOR_DEFINITIONS = (
					"DEBUG=1",
					"$(inherited)",
				);
				GCC_SYMBOLS_PRIVATE_EXTERN = NO;
				GCC_WARN_64_TO_32_BIT_CONVERSION = YES;
				GCC_WARN_ABOUT_RETURN_TYPE = YES_ERROR;
				GCC_WARN_UNDECLARED_SELECTOR = YES;
				GCC_WARN_UNINITIALIZED_AUTOS = YES_AGGRESSIVE;
				GCC_WARN_UNUSED_FUNCTION = YES;
				GCC_WARN_UNUSED_VARIABLE = YES;
				IPHONEOS_DEPLOYMENT_TARGET = 8.3;
				MTL_ENABLE_DEBUG_INFO = YES;
				ONLY_ACTIVE_ARCH = YES;
				SDKROOT = iphoneos;
				SWIFT_OPTIMIZATION_LEVEL = "-Onone";
			};
			name = Debug;
		};
		4AFCB93A1AD9F643008F332F /* Release */ = {
			isa = XCBuildConfiguration;
			buildSettings = {
				ALWAYS_SEARCH_USER_PATHS = NO;
				CLANG_CXX_LANGUAGE_STANDARD = "gnu++0x";
				CLANG_CXX_LIBRARY = "libc++";
				CLANG_ENABLE_MODULES = YES;
				CLANG_ENABLE_OBJC_ARC = YES;
				CLANG_WARN_BOOL_CONVERSION = YES;
				CLANG_WARN_CONSTANT_CONVERSION = YES;
				CLANG_WARN_DIRECT_OBJC_ISA_USAGE = YES_ERROR;
				CLANG_WARN_EMPTY_BODY = YES;
				CLANG_WARN_ENUM_CONVERSION = YES;
				CLANG_WARN_INT_CONVERSION = YES;
				CLANG_WARN_OBJC_ROOT_CLASS = YES_ERROR;
				CLANG_WARN_UNREACHABLE_CODE = YES;
				CLANG_WARN__DUPLICATE_METHOD_MATCH = YES;
				"CODE_SIGN_IDENTITY[sdk=iphoneos*]" = "iPhone Developer";
				COPY_PHASE_STRIP = NO;
				DEBUG_INFORMATION_FORMAT = "dwarf-with-dsym";
				ENABLE_NS_ASSERTIONS = NO;
				ENABLE_STRICT_OBJC_MSGSEND = YES;
				GCC_C_LANGUAGE_STANDARD = gnu99;
				GCC_NO_COMMON_BLOCKS = YES;
				GCC_WARN_64_TO_32_BIT_CONVERSION = YES;
				GCC_WARN_ABOUT_RETURN_TYPE = YES_ERROR;
				GCC_WARN_UNDECLARED_SELECTOR = YES;
				GCC_WARN_UNINITIALIZED_AUTOS = YES_AGGRESSIVE;
				GCC_WARN_UNUSED_FUNCTION = YES;
				GCC_WARN_UNUSED_VARIABLE = YES;
				IPHONEOS_DEPLOYMENT_TARGET = 8.3;
				MTL_ENABLE_DEBUG_INFO = NO;
				SDKROOT = iphoneos;
				VALIDATE_PRODUCT = YES;
			};
			name = Release;
		};
		4AFCB93C1AD9F643008F332F /* Debug */ = {
			isa = XCBuildConfiguration;
			buildSettings = {
				ASSETCATALOG_COMPILER_APPICON_NAME = AppIcon;
				INFOPLIST_FILE = "Where Am I/Info.plist";
				LD_RUNPATH_SEARCH_PATHS = "$(inherited) @executable_path/Frameworks";
				PRODUCT_NAME = "$(TARGET_NAME)";
			};
			name = Debug;
		};
		4AFCB93D1AD9F643008F332F /* Release */ = {
			isa = XCBuildConfiguration;
			buildSettings = {
				ASSETCATALOG_COMPILER_APPICON_NAME = AppIcon;
				INFOPLIST_FILE = "Where Am I/Info.plist";
				LD_RUNPATH_SEARCH_PATHS = "$(inherited) @executable_path/Frameworks";
				PRODUCT_NAME = "$(TARGET_NAME)";
			};
			name = Release;
		};
		4AFCB93F1AD9F643008F332F /* Debug */ = {
			isa = XCBuildConfiguration;
			buildSettings = {
				BUNDLE_LOADER = "$(TEST_HOST)";
				FRAMEWORK_SEARCH_PATHS = (
					"$(SDKROOT)/Developer/Library/Frameworks",
					"$(inherited)",
				);
				GCC_PREPROCESSOR_DEFINITIONS = (
					"DEBUG=1",
					"$(inherited)",
				);
				INFOPLIST_FILE = "Where Am ITests/Info.plist";
				LD_RUNPATH_SEARCH_PATHS = "$(inherited) @executable_path/Frameworks @loader_path/Frameworks";
				PRODUCT_NAME = "$(TARGET_NAME)";
				TEST_HOST = "$(BUILT_PRODUCTS_DIR)/Where Am I.app/Where Am I";
			};
			name = Debug;
		};
		4AFCB9401AD9F643008F332F /* Release */ = {
			isa = XCBuildConfiguration;
			buildSettings = {
				BUNDLE_LOADER = "$(TEST_HOST)";
				FRAMEWORK_SEARCH_PATHS = (
					"$(SDKROOT)/Developer/Library/Frameworks",
					"$(inherited)",
				);
				INFOPLIST_FILE = "Where Am ITests/Info.plist";
				LD_RUNPATH_SEARCH_PATHS = "$(inherited) @executable_path/Frameworks @loader_path/Frameworks";
				PRODUCT_NAME = "$(TARGET_NAME)";
				TEST_HOST = "$(BUILT_PRODUCTS_DIR)/Where Am I.app/Where Am I";
			};
			name = Release;
		};
/* End XCBuildConfiguration section */

/* Begin XCConfigurationList section */
		4AFCB9171AD9F643008F332F /* Build configuration list for PBXProject "Where Am I" */ = {
			isa = XCConfigurationList;
			buildConfigurations = (
				4AFCB9391AD9F643008F332F /* Debug */,
				4AFCB93A1AD9F643008F332F /* Release */,
			);
			defaultConfigurationIsVisible = 0;
			defaultConfigurationName = Release;
		};
		4AFCB93B1AD9F643008F332F /* Build configuration list for PBXNativeTarget "Where Am I" */ = {
			isa = XCConfigurationList;
			buildConfigurations = (
				4AFCB93C1AD9F643008F332F /* Debug */,
				4AFCB93D1AD9F643008F332F /* Release */,
			);
			defaultConfigurationIsVisible = 0;
		};
		4AFCB93E1AD9F643008F332F /* Build configuration list for PBXNativeTarget "Where Am ITests" */ = {
			isa = XCConfigurationList;
			buildConfigurations = (
				4AFCB93F1AD9F643008F332F /* Debug */,
				4AFCB9401AD9F643008F332F /* Release */,
			);
			defaultConfigurationIsVisible = 0;
		};
/* End XCConfigurationList section */
	};
	rootObject = 4AFCB9141AD9F643008F332F /* Project object */;
}
